
Microsoft Visual Studio Solution File, Format Version 12.00
# Visual Studio Version 17
VisualStudioVersion = 17.11.35222.181
MinimumVisualStudioVersion = 10.0.40219.1
Project("{9A19103F-16F7-4668-BE54-9A1E7A4F7556}") = "Hackatones.Shared", "Hackatones.Shared\Hackatones.Shared.csproj", "{749BF223-F821-482E-90AC-1DA8DC233AC1}"
EndProject
Project("{9A19103F-16F7-4668-BE54-9A1E7A4F7556}") = "Hackatones.WEB", "Hackatones.WEB\Hackatones.WEB.csproj", "{CF32B23B-1EBD-4186-967B-909E916B431F}"
EndProject
Project("{9A19103F-16F7-4668-BE54-9A1E7A4F7556}") = "Hackatones.API", "Hackatones.API\Hackatones.API.csproj", "{A98DA481-1853-455A-A9F8-84D4786F6B4C}"
EndProject
Global
	GlobalSection(SolutionConfigurationPlatforms) = preSolution
		Debug|Any CPU = Debug|Any CPU
		Release|Any CPU = Release|Any CPU
	EndGlobalSection
	GlobalSection(ProjectConfigurationPlatforms) = postSolution
		{749BF223-F821-482E-90AC-1DA8DC233AC1}.Debug|Any CPU.ActiveCfg = Debug|Any CPU
		{749BF223-F821-482E-90AC-1DA8DC233AC1}.Debug|Any CPU.Build.0 = Debug|Any CPU
		{749BF223-F821-482E-90AC-1DA8DC233AC1}.Release|Any CPU.ActiveCfg = Release|Any CPU
		{749BF223-F821-482E-90AC-1DA8DC233AC1}.Release|Any CPU.Build.0 = Release|Any CPU
		{CF32B23B-1EBD-4186-967B-909E916B431F}.Debug|Any CPU.ActiveCfg = Debug|Any CPU
		{CF32B23B-1EBD-4186-967B-909E916B431F}.Debug|Any CPU.Build.0 = Debug|Any CPU
		{CF32B23B-1EBD-4186-967B-909E916B431F}.Release|Any CPU.ActiveCfg = Release|Any CPU
		{CF32B23B-1EBD-4186-967B-909E916B431F}.Release|Any CPU.Build.0 = Release|Any CPU
		{A98DA481-1853-455A-A9F8-84D4786F6B4C}.Debug|Any CPU.ActiveCfg = Debug|Any CPU
		{A98DA481-1853-455A-A9F8-84D4786F6B4C}.Debug|Any CPU.Build.0 = Debug|Any CPU
		{A98DA481-1853-455A-A9F8-84D4786F6B4C}.Release|Any CPU.ActiveCfg = Release|Any CPU
		{A98DA481-1853-455A-A9F8-84D4786F6B4C}.Release|Any CPU.Build.0 = Release|Any CPU
	EndGlobalSection
	GlobalSection(SolutionProperties) = preSolution
		HideSolutionNode = FALSE
	EndGlobalSection
	GlobalSection(ExtensibilityGlobals) = postSolution
		SolutionGuid = {B0022DF0-31DB-4799-BBDA-827218F858A2}
	EndGlobalSection
EndGlobal
